// !$*UTF8*$!
{
	archiveVersion = 1;
	classes = {
	};
	objectVersion = 50;
	objects = {

/* Begin PBXBuildFile section */
		A67E3C0C255B168100EA2235 /* AppDelegate.swift in Sources */ = {isa = PBXBuildFile; fileRef = A67E3C0B255B168100EA2235 /* AppDelegate.swift */; };
		A67E3C0E255B168100EA2235 /* SceneDelegate.swift in Sources */ = {isa = PBXBuildFile; fileRef = A67E3C0D255B168100EA2235 /* SceneDelegate.swift */; };
		A67E3C10255B168100EA2235 /* ViewController.swift in Sources */ = {isa = PBXBuildFile; fileRef = A67E3C0F255B168100EA2235 /* ViewController.swift */; };
		A67E3C13255B168100EA2235 /* Main.storyboard in Resources */ = {isa = PBXBuildFile; fileRef = A67E3C11255B168100EA2235 /* Main.storyboard */; };
		A67E3C15255B168500EA2235 /* Assets.xcassets in Resources */ = {isa = PBXBuildFile; fileRef = A67E3C14255B168500EA2235 /* Assets.xcassets */; };
		A67E3C18255B168500EA2235 /* LaunchScreen.storyboard in Resources */ = {isa = PBXBuildFile; fileRef = A67E3C16255B168500EA2235 /* LaunchScreen.storyboard */; };
/* End PBXBuildFile section */

/* Begin PBXFileReference section */
		A67E3C08255B168100EA2235 /* MessengerPractice.app */ = {isa = PBXFileReference; explicitFileType = wrapper.application; includeInIndex = 0; path = MessengerPractice.app; sourceTree = BUILT_PRODUCTS_DIR; };
		A67E3C0B255B168100EA2235 /* AppDelegate.swift */ = {isa = PBXFileReference; lastKnownFileType = sourcecode.swift; path = AppDelegate.swift; sourceTree = "<group>"; };
		A67E3C0D255B168100EA2235 /* SceneDelegate.swift */ = {isa = PBXFileReference; lastKnownFileType = sourcecode.swift; path = SceneDelegate.swift; sourceTree = "<group>"; };
		A67E3C0F255B168100EA2235 /* ViewController.swift */ = {isa = PBXFileReference; lastKnownFileType = sourcecode.swift; path = ViewController.swift; sourceTree = "<group>"; };
		A67E3C12255B168100EA2235 /* Base */ = {isa = PBXFileReference; lastKnownFileType = file.storyboard; name = Base; path = Base.lproj/Main.storyboard; sourceTree = "<group>"; };
		A67E3C14255B168500EA2235 /* Assets.xcassets */ = {isa = PBXFileReference; lastKnownFileType = folder.assetcatalog; path = Assets.xcassets; sourceTree = "<group>"; };
		A67E3C17255B168500EA2235 /* Base */ = {isa = PBXFileReference; lastKnownFileType = file.storyboard; name = Base; path = Base.lproj/LaunchScreen.storyboard; sourceTree = "<group>"; };
		A67E3C19255B168500EA2235 /* Info.plist */ = {isa = PBXFileReference; lastKnownFileType = text.plist.xml; path = Info.plist; sourceTree = "<group>"; };
/* End PBXFileReference section */

/* Begin PBXFrameworksBuildPhase section */
		A67E3C05255B168100EA2235 /* Frameworks */ = {
			isa = PBXFrameworksBuildPhase;
			buildActionMask = 2147483647;
			files = (
			);
			runOnlyForDeploymentPostprocessing = 0;
		};
/* End PBXFrameworksBuildPhase section */

/* Begin PBXGroup section */
		A67E3BFF255B168100EA2235 = {
			isa = PBXGroup;
			children = (
				A67E3C0A255B168100EA2235 /* MessengerPractice */,
				A67E3C09255B168100EA2235 /* Products */,
			);
			sourceTree = "<group>";
		};
		A67E3C09255B168100EA2235 /* Products */ = {
			isa = PBXGroup;
			children = (
				A67E3C08255B168100EA2235 /* MessengerPractice.app */,
			);
			name = Products;
			sourceTree = "<group>";
		};
		A67E3C0A255B168100EA2235 /* MessengerPractice */ = {
			isa = PBXGroup;
			children = (
				A67E3C0B255B168100EA2235 /* AppDelegate.swift */,
				A67E3C0D255B168100EA2235 /* SceneDelegate.swift */,
				A67E3C0F255B168100EA2235 /* ViewController.swift */,
				A67E3C11255B168100EA2235 /* Main.storyboard */,
				A67E3C14255B168500EA2235 /* Assets.xcassets */,
				A67E3C16255B168500EA2235 /* LaunchScreen.storyboard */,
				A67E3C19255B168500EA2235 /* Info.plist */,
			);
			path = MessengerPractice;
			sourceTree = "<group>";
		};
/* End PBXGroup section */

/* Begin PBXNativeTarget section */
		A67E3C07255B168100EA2235 /* MessengerPractice */ = {
			isa = PBXNativeTarget;
			buildConfigurationList = A67E3C1C255B168500EA2235 /* Build configuration list for PBXNativeTarget "MessengerPractice" */;
			buildPhases = (
				A67E3C04255B168100EA2235 /* Sources */,
				A67E3C05255B168100EA2235 /* Frameworks */,
				A67E3C06255B168100EA2235 /* Resources */,
			);
			buildRules = (
			);
			dependencies = (
			);
			name = MessengerPractice;
			productName = MessengerPractice;
			productReference = A67E3C08255B168100EA2235 /* MessengerPractice.app */;
			productType = "com.apple.product-type.application";
		};
/* End PBXNativeTarget section */

/* Begin PBXProject section */
		A67E3C00255B168100EA2235 /* Project object */ = {
			isa = PBXProject;
			attributes = {
				LastSwiftUpdateCheck = 1170;
				LastUpgradeCheck = 1170;
				ORGANIZATIONNAME = "Owen Barrott";
				TargetAttributes = {
					A67E3C07255B168100EA2235 = {
						CreatedOnToolsVersion = 11.7;
					};
				};
			};
			buildConfigurationList = A67E3C03255B168100EA2235 /* Build configuration list for PBXProject "MessengerPractice" */;
			compatibilityVersion = "Xcode 9.3";
			developmentRegion = en;
			hasScannedForEncodings = 0;
			knownRegions = (
				en,
				Base,
			);
			mainGroup = A67E3BFF255B168100EA2235;
			productRefGroup = A67E3C09255B168100EA2235 /* Products */;
			projectDirPath = "";
			projectRoot = "";
			targets = (
				A67E3C07255B168100EA2235 /* MessengerPractice */,
			);
		};
/* End PBXProject section */

/* Begin PBXResourcesBuildPhase section */
		A67E3C06255B168100EA2235 /* Resources */ = {
			isa = PBXResourcesBuildPhase;
			buildActionMask = 2147483647;
			files = (
				A67E3C18255B168500EA2235 /* LaunchScreen.storyboard in Resources */,
				A67E3C15255B168500EA2235 /* Assets.xcassets in Resources */,
				A67E3C13255B168100EA2235 /* Main.storyboard in Resources */,
			);
			runOnlyForDeploymentPostprocessing = 0;
		};
/* End PBXResourcesBuildPhase section */

/* Begin PBXSourcesBuildPhase section */
		A67E3C04255B168100EA2235 /* Sources */ = {
			isa = PBXSourcesBuildPhase;
			buildActionMask = 2147483647;
			files = (
				A67E3C10255B168100EA2235 /* ViewController.swift in Sources */,
				A67E3C0C255B168100EA2235 /* AppDelegate.swift in Sources */,
				A67E3C0E255B168100EA2235 /* SceneDelegate.swift in Sources */,
			);
			runOnlyForDeploymentPostprocessing = 0;
		};
/* End PBXSourcesBuildPhase section */

/* Begin PBXVariantGroup section */
		A67E3C11255B168100EA2235 /* Main.storyboard */ = {
			isa = PBXVariantGroup;
			children = (
				A67E3C12255B168100EA2235 /* Base */,
			);
			name = Main.storyboard;
			sourceTree = "<group>";
		};
		A67E3C16255B168500EA2235 /* LaunchScreen.storyboard */ = {
			isa = PBXVariantGroup;
			children = (
				A67E3C17255B168500EA2235 /* Base */,
			);
			name = LaunchScreen.storyboard;
			sourceTree = "<group>";
		};
/* End PBXVariantGroup section */

/* Begin XCBuildConfiguration section */
		A67E3C1A255B168500EA2235 /* Debug */ = {
			isa = XCBuildConfiguration;
			buildSettings = {
				ALWAYS_SEARCH_USER_PATHS = NO;
				CLANG_ANALYZER_NONNULL = YES;
				CLANG_ANALYZER_NUMBER_OBJECT_CONVERSION = YES_AGGRESSIVE;
				CLANG_CXX_LANGUAGE_STANDARD = "gnu++14";
				CLANG_CXX_LIBRARY = "libc++";
				CLANG_ENABLE_MODULES = YES;
				CLANG_ENABLE_OBJC_ARC = YES;
				CLANG_ENABLE_OBJC_WEAK = YES;
				CLANG_WARN_BLOCK_CAPTURE_AUTORELEASING = YES;
				CLANG_WARN_BOOL_CONVERSION = YES;
				CLANG_WARN_COMMA = YES;
				CLANG_WARN_CONSTANT_CONVERSION = YES;
				CLANG_WARN_DEPRECATED_OBJC_IMPLEMENTATIONS = YES;
				CLANG_WARN_DIRECT_OBJC_ISA_USAGE = YES_ERROR;
				CLANG_WARN_DOCUMENTATION_COMMENTS = YES;
				CLANG_WARN_EMPTY_BODY = YES;
				CLANG_WARN_ENUM_CONVERSION = YES;
				CLANG_WARN_INFINITE_RECURSION = YES;
				CLANG_WARN_INT_CONVERSION = YES;
				CLANG_WARN_NON_LITERAL_NULL_CONVERSION = YES;
				CLANG_WARN_OBJC_IMPLICIT_RETAIN_SELF = YES;
				CLANG_WARN_OBJC_LITERAL_CONVERSION = YES;
				CLANG_WARN_OBJC_ROOT_CLASS = YES_ERROR;
				CLANG_WARN_RANGE_LOOP_ANALYSIS = YES;
				CLANG_WARN_STRICT_PROTOTYPES = YES;
				CLANG_WARN_SUSPICIOUS_MOVE = YES;
				CLANG_WARN_UNGUARDED_AVAILABILITY = YES_AGGRESSIVE;
				CLANG_WARN_UNREACHABLE_CODE = YES;
				CLANG_WARN__DUPLICATE_METHOD_MATCH = YES;
				COPY_PHASE_STRIP = NO;
				DEBUG_INFORMATION_FORMAT = dwarf;
				ENABLE_STRICT_OBJC_MSGSEND = YES;
				ENABLE_TESTABILITY = YES;
				GCC_C_LANGUAGE_STANDARD = gnu11;
				GCC_DYNAMIC_NO_PIC = NO;
				GCC_NO_COMMON_BLOCKS = YES;
				GCC_OPTIMIZATION_LEVEL = 0;
				GCC_PREPROCESSOR_DEFINITIONS = (
					"DEBUG=1",
					"$(inherited)",
				);
				GCC_WARN_64_TO_32_BIT_CONVERSION = YES;
				GCC_WARN_ABOUT_RETURN_TYPE = YES_ERROR;
				GCC_WARN_UNDECLARED_SELECTOR = YES;
				GCC_WARN_UNINITIALIZED_AUTOS = YES_AGGRESSIVE;
				GCC_WARN_UNUSED_FUNCTION = YES;
				GCC_WARN_UNUSED_VARIABLE = YES;
				IPHONEOS_DEPLOYMENT_TARGET = 13.7;
				MTL_ENABLE_DEBUG_INFO = INCLUDE_SOURCE;
				MTL_FAST_MATH = YES;
				ONLY_ACTIVE_ARCH = YES;
				SDKROOT = iphoneos;
				SWIFT_ACTIVE_COMPILATION_CONDITIONS = DEBUG;
				SWIFT_OPTIMIZATION_LEVEL = "-Onone";
			};
			name = Debug;
		};
		A67E3C1B255B168500EA2235 /* Release */ = {
			isa = XCBuildConfiguration;
			buildSettings = {
				ALWAYS_SEARCH_USER_PATHS = NO;
				CLANG_ANALYZER_NONNULL = YES;
				CLANG_ANALYZER_NUMBER_OBJECT_CONVERSION = YES_AGGRESSIVE;
				CLANG_CXX_LANGUAGE_STANDARD = "gnu++14";
				CLANG_CXX_LIBRARY = "libc++";
				CLANG_ENABLE_MODULES = YES;
				CLANG_ENABLE_OBJC_ARC = YES;
				CLANG_ENABLE_OBJC_WEAK = YES;
				CLANG_WARN_BLOCK_CAPTURE_AUTORELEASING = YES;
				CLANG_WARN_BOOL_CONVERSION = YES;
				CLANG_WARN_COMMA = YES;
				CLANG_WARN_CONSTANT_CONVERSION = YES;
				CLANG_WARN_DEPRECATED_OBJC_IMPLEMENTATIONS = YES;
				CLANG_WARN_DIRECT_OBJC_ISA_USAGE = YES_ERROR;
				CLANG_WARN_DOCUMENTATION_COMMENTS = YES;
				CLANG_WARN_EMPTY_BODY = YES;
				CLANG_WARN_ENUM_CONVERSION = YES;
				CLANG_WARN_INFINITE_RECURSION = YES;
				CLANG_WARN_INT_CONVERSION = YES;
				CLANG_WARN_NON_LITERAL_NULL_CONVERSION = YES;
				CLANG_WARN_OBJC_IMPLICIT_RETAIN_SELF = YES;
				CLANG_WARN_OBJC_LITERAL_CONVERSION = YES;
				CLANG_WARN_OBJC_ROOT_CLASS = YES_ERROR;
				CLANG_WARN_RANGE_LOOP_ANALYSIS = YES;
				CLANG_WARN_STRICT_PROTOTYPES = YES;
				CLANG_WARN_SUSPICIOUS_MOVE = YES;
				CLANG_WARN_UNGUARDED_AVAILABILITY = YES_AGGRESSIVE;
				CLANG_WARN_UNREACHABLE_CODE = YES;
				CLANG_WARN__DUPLICATE_METHOD_MATCH = YES;
				COPY_PHASE_STRIP = NO;
				DEBUG_INFORMATION_FORMAT = "dwarf-with-dsym";
				ENABLE_NS_ASSERTIONS = NO;
				ENABLE_STRICT_OBJC_MSGSEND = YES;
				GCC_C_LANGUAGE_STANDARD = gnu11;
				GCC_NO_COMMON_BLOCKS = YES;
				GCC_WARN_64_TO_32_BIT_CONVERSION = YES;
				GCC_WARN_ABOUT_RETURN_TYPE = YES_ERROR;
				GCC_WARN_UNDECLARED_SELECTOR = YES;
				GCC_WARN_UNINITIALIZED_AUTOS = YES_AGGRESSIVE;
				GCC_WARN_UNUSED_FUNCTION = YES;
				GCC_WARN_UNUSED_VARIABLE = YES;
				IPHONEOS_DEPLOYMENT_TARGET = 13.7;
				MTL_ENABLE_DEBUG_INFO = NO;
				MTL_FAST_MATH = YES;
				SDKROOT = iphoneos;
				SWIFT_COMPILATION_MODE = wholemodule;
				SWIFT_OPTIMIZATION_LEVEL = "-O";
				VALIDATE_PRODUCT = YES;
			};
			name = Release;
		};
		A67E3C1D255B168500EA2235 /* Debug */ = {
			isa = XCBuildConfiguration;
			buildSettings = {
				ASSETCATALOG_COMPILER_APPICON_NAME = AppIcon;
				CODE_SIGN_STYLE = Automatic;
				DEVELOPMENT_TEAM = 27P7HR5369;
				INFOPLIST_FILE = MessengerPractice/Info.plist;
				LD_RUNPATH_SEARCH_PATHS = (
					"$(inherited)",
					"@executable_path/Frameworks",
				);
				PRODUCT_BUNDLE_IDENTIFIER = com.owenbarrott.MessengerPractice;
				PRODUCT_NAME = "$(TARGET_NAME)";
				SWIFT_VERSION = 5.0;
				TARGETED_DEVICE_FAMILY = "1,2";
			};
			name = Debug;
		};
		A67E3C1E255B168500EA2235 /* Release */ = {
			isa = XCBuildConfiguration;
			buildSettings = {
				ASSETCATALOG_COMPILER_APPICON_NAME = AppIcon;
				CODE_SIGN_STYLE = Automatic;
				DEVELOPMENT_TEAM = 27P7HR5369;
				INFOPLIST_FILE = MessengerPractice/Info.plist;
				LD_RUNPATH_SEARCH_PATHS = (
					"$(inherited)",
					"@executable_path/Frameworks",
				);
				PRODUCT_BUNDLE_IDENTIFIER = com.owenbarrott.MessengerPractice;
				PRODUCT_NAME = "$(TARGET_NAME)";
				SWIFT_VERSION = 5.0;
				TARGETED_DEVICE_FAMILY = "1,2";
			};
			name = Release;
		};
/* End XCBuildConfiguration section */

/* Begin XCConfigurationList section */
		A67E3C03255B168100EA2235 /* Build configuration list for PBXProject "MessengerPractice" */ = {
			isa = XCConfigurationList;
			buildConfigurations = (
				A67E3C1A255B168500EA2235 /* Debug */,
				A67E3C1B255B168500EA2235 /* Release */,
			);
			defaultConfigurationIsVisible = 0;
			defaultConfigurationName = Release;
		};
		A67E3C1C255B168500EA2235 /* Build configuration list for PBXNativeTarget "MessengerPractice" */ = {
			isa = XCConfigurationList;
			buildConfigurations = (
				A67E3C1D255B168500EA2235 /* Debug */,
				A67E3C1E255B168500EA2235 /* Release */,
			);
			defaultConfigurationIsVisible = 0;
			defaultConfigurationName = Release;
		};
/* End XCConfigurationList section */
	};
	rootObject = A67E3C00255B168100EA2235 /* Project object */;
}
